
Microsoft Visual Studio Solution File, Format Version 12.00
# Visual Studio Version 17
VisualStudioVersion = 17.10.35004.147
MinimumVisualStudioVersion = 10.0.40219.1
Project("{FAE04EC0-301F-11D3-BF4B-00C04F79EFBC}") = "PresentationLayer", "PresentationLayer\PresentationLayer.csproj", "{F6F5819D-64C2-4570-8E85-53BA2248BF37}"
EndProject
Project("{FAE04EC0-301F-11D3-BF4B-00C04F79EFBC}") = "BuisnessLogic", "BuisnessLogic\BuisnessLogic.csproj", "{F9B4AF63-B720-4429-ADA0-9FC58647ABF7}"
EndProject
Project("{FAE04EC0-301F-11D3-BF4B-00C04F79EFBC}") = "DataAccess", "DataAccess\DataAccess.csproj", "{60D19D0D-D407-40F5-8F75-71B1575A8624}"
EndProject
Global
	GlobalSection(SolutionConfigurationPlatforms) = preSolution
		Debug|Any CPU = Debug|Any CPU
		Release|Any CPU = Release|Any CPU
	EndGlobalSection
	GlobalSection(ProjectConfigurationPlatforms) = postSolution
		{F6F5819D-64C2-4570-8E85-53BA2248BF37}.Debug|Any CPU.ActiveCfg = Debug|Any CPU
		{F6F5819D-64C2-4570-8E85-53BA2248BF37}.Debug|Any CPU.Build.0 = Debug|Any CPU
		{F6F5819D-64C2-4570-8E85-53BA2248BF37}.Release|Any CPU.ActiveCfg = Release|Any CPU
		{F6F5819D-64C2-4570-8E85-53BA2248BF37}.Release|Any CPU.Build.0 = Release|Any CPU
		{F9B4AF63-B720-4429-ADA0-9FC58647ABF7}.Debug|Any CPU.ActiveCfg = Debug|Any CPU
		{F9B4AF63-B720-4429-ADA0-9FC58647ABF7}.Debug|Any CPU.Build.0 = Debug|Any CPU
		{F9B4AF63-B720-4429-ADA0-9FC58647ABF7}.Release|Any CPU.ActiveCfg = Release|Any CPU
		{F9B4AF63-B720-4429-ADA0-9FC58647ABF7}.Release|Any CPU.Build.0 = Release|Any CPU
		{60D19D0D-D407-40F5-8F75-71B1575A8624}.Debug|Any CPU.ActiveCfg = Debug|Any CPU
		{60D19D0D-D407-40F5-8F75-71B1575A8624}.Debug|Any CPU.Build.0 = Debug|Any CPU
		{60D19D0D-D407-40F5-8F75-71B1575A8624}.Release|Any CPU.ActiveCfg = Release|Any CPU
		{60D19D0D-D407-40F5-8F75-71B1575A8624}.Release|Any CPU.Build.0 = Release|Any CPU
	EndGlobalSection
	GlobalSection(SolutionProperties) = preSolution
		HideSolutionNode = FALSE
	EndGlobalSection
	GlobalSection(ExtensibilityGlobals) = postSolution
		SolutionGuid = {B3E9014C-939A-4F61-BA9E-AAF63AA88CF8}
	EndGlobalSection
EndGlobal
